
Microsoft Visual Studio Solution File, Format Version 12.00
# Visual Studio 2013
VisualStudioVersion = 12.0.30723.0
MinimumVisualStudioVersion = 10.0.40219.1
Project("{F2A71F9B-5D33-465A-A702-920D77279786}") = "insertion sort", "insertion sort\insertion sort.fsproj", "{AEAC87C8-1BC7-4CDF-ABC5-2F4547456D33}"
EndProject
Global
	GlobalSection(SolutionConfigurationPlatforms) = preSolution
		Debug|Any CPU = Debug|Any CPU
		Release|Any CPU = Release|Any CPU
	EndGlobalSection
	GlobalSection(ProjectConfigurationPlatforms) = postSolution
		{AEAC87C8-1BC7-4CDF-ABC5-2F4547456D33}.Debug|Any CPU.ActiveCfg = Debug|Any CPU
		{AEAC87C8-1BC7-4CDF-ABC5-2F4547456D33}.Debug|Any CPU.Build.0 = Debug|Any CPU
		{AEAC87C8-1BC7-4CDF-ABC5-2F4547456D33}.Release|Any CPU.ActiveCfg = Release|Any CPU
		{AEAC87C8-1BC7-4CDF-ABC5-2F4547456D33}.Release|Any CPU.Build.0 = Release|Any CPU
	EndGlobalSection
	GlobalSection(SolutionProperties) = preSolution
		HideSolutionNode = FALSE
	EndGlobalSection
EndGlobal
